// !$*UTF8*$!
{
	archiveVersion = 1;
	classes = {
	};
	objectVersion = 50;
	objects = {

/* Begin PBXBuildFile section */
		76F3BDDE232024A000CE91B5 /* AppDelegate.swift in Sources */ = {isa = PBXBuildFile; fileRef = 76F3BDDD232024A000CE91B5 /* AppDelegate.swift */; };
		76F3BDE0232024A000CE91B5 /* ViewController.swift in Sources */ = {isa = PBXBuildFile; fileRef = 76F3BDDF232024A000CE91B5 /* ViewController.swift */; };
		76F3BDE3232024A000CE91B5 /* Main.storyboard in Resources */ = {isa = PBXBuildFile; fileRef = 76F3BDE1232024A000CE91B5 /* Main.storyboard */; };
		76F3BDE5232024A100CE91B5 /* Assets.xcassets in Resources */ = {isa = PBXBuildFile; fileRef = 76F3BDE4232024A100CE91B5 /* Assets.xcassets */; };
		76F3BDE8232024A100CE91B5 /* LaunchScreen.storyboard in Resources */ = {isa = PBXBuildFile; fileRef = 76F3BDE6232024A100CE91B5 /* LaunchScreen.storyboard */; };
		76F3BDF3232024A100CE91B5 /* Studio_1_AlexTests.swift in Sources */ = {isa = PBXBuildFile; fileRef = 76F3BDF2232024A100CE91B5 /* Studio_1_AlexTests.swift */; };
		76F3BDFE232024A100CE91B5 /* Studio_1_AlexUITests.swift in Sources */ = {isa = PBXBuildFile; fileRef = 76F3BDFD232024A100CE91B5 /* Studio_1_AlexUITests.swift */; };
/* End PBXBuildFile section */

/* Begin PBXContainerItemProxy section */
		76F3BDEF232024A100CE91B5 /* PBXContainerItemProxy */ = {
			isa = PBXContainerItemProxy;
			containerPortal = 76F3BDD2232024A000CE91B5 /* Project object */;
			proxyType = 1;
			remoteGlobalIDString = 76F3BDD9232024A000CE91B5;
			remoteInfo = Studio_1_Alex;
		};
		76F3BDFA232024A100CE91B5 /* PBXContainerItemProxy */ = {
			isa = PBXContainerItemProxy;
			containerPortal = 76F3BDD2232024A000CE91B5 /* Project object */;
			proxyType = 1;
			remoteGlobalIDString = 76F3BDD9232024A000CE91B5;
			remoteInfo = Studio_1_Alex;
		};
/* End PBXContainerItemProxy section */

/* Begin PBXFileReference section */
		76F3BDDA232024A000CE91B5 /* Studio_1_Alex.app */ = {isa = PBXFileReference; explicitFileType = wrapper.application; includeInIndex = 0; path = Studio_1_Alex.app; sourceTree = BUILT_PRODUCTS_DIR; };
		76F3BDDD232024A000CE91B5 /* AppDelegate.swift */ = {isa = PBXFileReference; lastKnownFileType = sourcecode.swift; path = AppDelegate.swift; sourceTree = "<group>"; };
		76F3BDDF232024A000CE91B5 /* ViewController.swift */ = {isa = PBXFileReference; lastKnownFileType = sourcecode.swift; path = ViewController.swift; sourceTree = "<group>"; };
		76F3BDE2232024A000CE91B5 /* Base */ = {isa = PBXFileReference; lastKnownFileType = file.storyboard; name = Base; path = Base.lproj/Main.storyboard; sourceTree = "<group>"; };
		76F3BDE4232024A100CE91B5 /* Assets.xcassets */ = {isa = PBXFileReference; lastKnownFileType = folder.assetcatalog; path = Assets.xcassets; sourceTree = "<group>"; };
		76F3BDE7232024A100CE91B5 /* Base */ = {isa = PBXFileReference; lastKnownFileType = file.storyboard; name = Base; path = Base.lproj/LaunchScreen.storyboard; sourceTree = "<group>"; };
		76F3BDE9232024A100CE91B5 /* Info.plist */ = {isa = PBXFileReference; lastKnownFileType = text.plist.xml; path = Info.plist; sourceTree = "<group>"; };
		76F3BDEE232024A100CE91B5 /* Studio_1_AlexTests.xctest */ = {isa = PBXFileReference; explicitFileType = wrapper.cfbundle; includeInIndex = 0; path = Studio_1_AlexTests.xctest; sourceTree = BUILT_PRODUCTS_DIR; };
		76F3BDF2232024A100CE91B5 /* Studio_1_AlexTests.swift */ = {isa = PBXFileReference; lastKnownFileType = sourcecode.swift; path = Studio_1_AlexTests.swift; sourceTree = "<group>"; };
		76F3BDF4232024A100CE91B5 /* Info.plist */ = {isa = PBXFileReference; lastKnownFileType = text.plist.xml; path = Info.plist; sourceTree = "<group>"; };
		76F3BDF9232024A100CE91B5 /* Studio_1_AlexUITests.xctest */ = {isa = PBXFileReference; explicitFileType = wrapper.cfbundle; includeInIndex = 0; path = Studio_1_AlexUITests.xctest; sourceTree = BUILT_PRODUCTS_DIR; };
		76F3BDFD232024A100CE91B5 /* Studio_1_AlexUITests.swift */ = {isa = PBXFileReference; lastKnownFileType = sourcecode.swift; path = Studio_1_AlexUITests.swift; sourceTree = "<group>"; };
		76F3BDFF232024A100CE91B5 /* Info.plist */ = {isa = PBXFileReference; lastKnownFileType = text.plist.xml; path = Info.plist; sourceTree = "<group>"; };
/* End PBXFileReference section */

/* Begin PBXFrameworksBuildPhase section */
		76F3BDD7232024A000CE91B5 /* Frameworks */ = {
			isa = PBXFrameworksBuildPhase;
			buildActionMask = 2147483647;
			files = (
			);
			runOnlyForDeploymentPostprocessing = 0;
		};
		76F3BDEB232024A100CE91B5 /* Frameworks */ = {
			isa = PBXFrameworksBuildPhase;
			buildActionMask = 2147483647;
			files = (
			);
			runOnlyForDeploymentPostprocessing = 0;
		};
		76F3BDF6232024A100CE91B5 /* Frameworks */ = {
			isa = PBXFrameworksBuildPhase;
			buildActionMask = 2147483647;
			files = (
			);
			runOnlyForDeploymentPostprocessing = 0;
		};
/* End PBXFrameworksBuildPhase section */

/* Begin PBXGroup section */
		76F3BDD1232024A000CE91B5 = {
			isa = PBXGroup;
			children = (
				76F3BDDC232024A000CE91B5 /* Studio_1_Alex */,
				76F3BDF1232024A100CE91B5 /* Studio_1_AlexTests */,
				76F3BDFC232024A100CE91B5 /* Studio_1_AlexUITests */,
				76F3BDDB232024A000CE91B5 /* Products */,
			);
			sourceTree = "<group>";
		};
		76F3BDDB232024A000CE91B5 /* Products */ = {
			isa = PBXGroup;
			children = (
				76F3BDDA232024A000CE91B5 /* Studio_1_Alex.app */,
				76F3BDEE232024A100CE91B5 /* Studio_1_AlexTests.xctest */,
				76F3BDF9232024A100CE91B5 /* Studio_1_AlexUITests.xctest */,
			);
			name = Products;
			sourceTree = "<group>";
		};
		76F3BDDC232024A000CE91B5 /* Studio_1_Alex */ = {
			isa = PBXGroup;
			children = (
				76F3BDDD232024A000CE91B5 /* AppDelegate.swift */,
				76F3BDDF232024A000CE91B5 /* ViewController.swift */,
				76F3BDE1232024A000CE91B5 /* Main.storyboard */,
				76F3BDE4232024A100CE91B5 /* Assets.xcassets */,
				76F3BDE6232024A100CE91B5 /* LaunchScreen.storyboard */,
				76F3BDE9232024A100CE91B5 /* Info.plist */,
			);
			path = Studio_1_Alex;
			sourceTree = "<group>";
		};
		76F3BDF1232024A100CE91B5 /* Studio_1_AlexTests */ = {
			isa = PBXGroup;
			children = (
				76F3BDF2232024A100CE91B5 /* Studio_1_AlexTests.swift */,
				76F3BDF4232024A100CE91B5 /* Info.plist */,
			);
			path = Studio_1_AlexTests;
			sourceTree = "<group>";
		};
		76F3BDFC232024A100CE91B5 /* Studio_1_AlexUITests */ = {
			isa = PBXGroup;
			children = (
				76F3BDFD232024A100CE91B5 /* Studio_1_AlexUITests.swift */,
				76F3BDFF232024A100CE91B5 /* Info.plist */,
			);
			path = Studio_1_AlexUITests;
			sourceTree = "<group>";
		};
/* End PBXGroup section */

/* Begin PBXNativeTarget section */
		76F3BDD9232024A000CE91B5 /* Studio_1_Alex */ = {
			isa = PBXNativeTarget;
			buildConfigurationList = 76F3BE02232024A100CE91B5 /* Build configuration list for PBXNativeTarget "Studio_1_Alex" */;
			buildPhases = (
				76F3BDD6232024A000CE91B5 /* Sources */,
				76F3BDD7232024A000CE91B5 /* Frameworks */,
				76F3BDD8232024A000CE91B5 /* Resources */,
			);
			buildRules = (
			);
			dependencies = (
			);
			name = Studio_1_Alex;
			productName = Studio_1_Alex;
			productReference = 76F3BDDA232024A000CE91B5 /* Studio_1_Alex.app */;
			productType = "com.apple.product-type.application";
		};
		76F3BDED232024A100CE91B5 /* Studio_1_AlexTests */ = {
			isa = PBXNativeTarget;
			buildConfigurationList = 76F3BE05232024A100CE91B5 /* Build configuration list for PBXNativeTarget "Studio_1_AlexTests" */;
			buildPhases = (
				76F3BDEA232024A100CE91B5 /* Sources */,
				76F3BDEB232024A100CE91B5 /* Frameworks */,
				76F3BDEC232024A100CE91B5 /* Resources */,
			);
			buildRules = (
			);
			dependencies = (
				76F3BDF0232024A100CE91B5 /* PBXTargetDependency */,
			);
			name = Studio_1_AlexTests;
			productName = Studio_1_AlexTests;
			productReference = 76F3BDEE232024A100CE91B5 /* Studio_1_AlexTests.xctest */;
			productType = "com.apple.product-type.bundle.unit-test";
		};
		76F3BDF8232024A100CE91B5 /* Studio_1_AlexUITests */ = {
			isa = PBXNativeTarget;
			buildConfigurationList = 76F3BE08232024A100CE91B5 /* Build configuration list for PBXNativeTarget "Studio_1_AlexUITests" */;
			buildPhases = (
				76F3BDF5232024A100CE91B5 /* Sources */,
				76F3BDF6232024A100CE91B5 /* Frameworks */,
				76F3BDF7232024A100CE91B5 /* Resources */,
			);
			buildRules = (
			);
			dependencies = (
				76F3BDFB232024A100CE91B5 /* PBXTargetDependency */,
			);
			name = Studio_1_AlexUITests;
			productName = Studio_1_AlexUITests;
			productReference = 76F3BDF9232024A100CE91B5 /* Studio_1_AlexUITests.xctest */;
			productType = "com.apple.product-type.bundle.ui-testing";
		};
/* End PBXNativeTarget section */

/* Begin PBXProject section */
		76F3BDD2232024A000CE91B5 /* Project object */ = {
			isa = PBXProject;
			attributes = {
				LastSwiftUpdateCheck = 1020;
				LastUpgradeCheck = 1020;
				ORGANIZATIONNAME = "黄越";
				TargetAttributes = {
					76F3BDD9232024A000CE91B5 = {
						CreatedOnToolsVersion = 10.2.1;
					};
					76F3BDED232024A100CE91B5 = {
						CreatedOnToolsVersion = 10.2.1;
						TestTargetID = 76F3BDD9232024A000CE91B5;
					};
					76F3BDF8232024A100CE91B5 = {
						CreatedOnToolsVersion = 10.2.1;
						TestTargetID = 76F3BDD9232024A000CE91B5;
					};
				};
			};
			buildConfigurationList = 76F3BDD5232024A000CE91B5 /* Build configuration list for PBXProject "Studio_1_Alex" */;
			compatibilityVersion = "Xcode 9.3";
			developmentRegion = en;
			hasScannedForEncodings = 0;
			knownRegions = (
				en,
				Base,
			);
			mainGroup = 76F3BDD1232024A000CE91B5;
			productRefGroup = 76F3BDDB232024A000CE91B5 /* Products */;
			projectDirPath = "";
			projectRoot = "";
			targets = (
				76F3BDD9232024A000CE91B5 /* Studio_1_Alex */,
				76F3BDED232024A100CE91B5 /* Studio_1_AlexTests */,
				76F3BDF8232024A100CE91B5 /* Studio_1_AlexUITests */,
			);
		};
/* End PBXProject section */

/* Begin PBXResourcesBuildPhase section */
		76F3BDD8232024A000CE91B5 /* Resources */ = {
			isa = PBXResourcesBuildPhase;
			buildActionMask = 2147483647;
			files = (
				76F3BDE8232024A100CE91B5 /* LaunchScreen.storyboard in Resources */,
				76F3BDE5232024A100CE91B5 /* Assets.xcassets in Resources */,
				76F3BDE3232024A000CE91B5 /* Main.storyboard in Resources */,
			);
			runOnlyForDeploymentPostprocessing = 0;
		};
		76F3BDEC232024A100CE91B5 /* Resources */ = {
			isa = PBXResourcesBuildPhase;
			buildActionMask = 2147483647;
			files = (
			);
			runOnlyForDeploymentPostprocessing = 0;
		};
		76F3BDF7232024A100CE91B5 /* Resources */ = {
			isa = PBXResourcesBuildPhase;
			buildActionMask = 2147483647;
			files = (
			);
			runOnlyForDeploymentPostprocessing = 0;
		};
/* End PBXResourcesBuildPhase section */

/* Begin PBXSourcesBuildPhase section */
		76F3BDD6232024A000CE91B5 /* Sources */ = {
			isa = PBXSourcesBuildPhase;
			buildActionMask = 2147483647;
			files = (
				76F3BDE0232024A000CE91B5 /* ViewController.swift in Sources */,
				76F3BDDE232024A000CE91B5 /* AppDelegate.swift in Sources */,
			);
			runOnlyForDeploymentPostprocessing = 0;
		};
		76F3BDEA232024A100CE91B5 /* Sources */ = {
			isa = PBXSourcesBuildPhase;
			buildActionMask = 2147483647;
			files = (
				76F3BDF3232024A100CE91B5 /* Studio_1_AlexTests.swift in Sources */,
			);
			runOnlyForDeploymentPostprocessing = 0;
		};
		76F3BDF5232024A100CE91B5 /* Sources */ = {
			isa = PBXSourcesBuildPhase;
			buildActionMask = 2147483647;
			files = (
				76F3BDFE232024A100CE91B5 /* Studio_1_AlexUITests.swift in Sources */,
			);
			runOnlyForDeploymentPostprocessing = 0;
		};
/* End PBXSourcesBuildPhase section */

/* Begin PBXTargetDependency section */
		76F3BDF0232024A100CE91B5 /* PBXTargetDependency */ = {
			isa = PBXTargetDependency;
			target = 76F3BDD9232024A000CE91B5 /* Studio_1_Alex */;
			targetProxy = 76F3BDEF232024A100CE91B5 /* PBXContainerItemProxy */;
		};
		76F3BDFB232024A100CE91B5 /* PBXTargetDependency */ = {
			isa = PBXTargetDependency;
			target = 76F3BDD9232024A000CE91B5 /* Studio_1_Alex */;
			targetProxy = 76F3BDFA232024A100CE91B5 /* PBXContainerItemProxy */;
		};
/* End PBXTargetDependency section */

/* Begin PBXVariantGroup section */
		76F3BDE1232024A000CE91B5 /* Main.storyboard */ = {
			isa = PBXVariantGroup;
			children = (
				76F3BDE2232024A000CE91B5 /* Base */,
			);
			name = Main.storyboard;
			sourceTree = "<group>";
		};
		76F3BDE6232024A100CE91B5 /* LaunchScreen.storyboard */ = {
			isa = PBXVariantGroup;
			children = (
				76F3BDE7232024A100CE91B5 /* Base */,
			);
			name = LaunchScreen.storyboard;
			sourceTree = "<group>";
		};
/* End PBXVariantGroup section */

/* Begin XCBuildConfiguration section */
		76F3BE00232024A100CE91B5 /* Debug */ = {
			isa = XCBuildConfiguration;
			buildSettings = {
				ALWAYS_SEARCH_USER_PATHS = NO;
				CLANG_ANALYZER_NONNULL = YES;
				CLANG_ANALYZER_NUMBER_OBJECT_CONVERSION = YES_AGGRESSIVE;
				CLANG_CXX_LANGUAGE_STANDARD = "gnu++14";
				CLANG_CXX_LIBRARY = "libc++";
				CLANG_ENABLE_MODULES = YES;
				CLANG_ENABLE_OBJC_ARC = YES;
				CLANG_ENABLE_OBJC_WEAK = YES;
				CLANG_WARN_BLOCK_CAPTURE_AUTORELEASING = YES;
				CLANG_WARN_BOOL_CONVERSION = YES;
				CLANG_WARN_COMMA = YES;
				CLANG_WARN_CONSTANT_CONVERSION = YES;
				CLANG_WARN_DEPRECATED_OBJC_IMPLEMENTATIONS = YES;
				CLANG_WARN_DIRECT_OBJC_ISA_USAGE = YES_ERROR;
				CLANG_WARN_DOCUMENTATION_COMMENTS = YES;
				CLANG_WARN_EMPTY_BODY = YES;
				CLANG_WARN_ENUM_CONVERSION = YES;
				CLANG_WARN_INFINITE_RECURSION = YES;
				CLANG_WARN_INT_CONVERSION = YES;
				CLANG_WARN_NON_LITERAL_NULL_CONVERSION = YES;
				CLANG_WARN_OBJC_IMPLICIT_RETAIN_SELF = YES;
				CLANG_WARN_OBJC_LITERAL_CONVERSION = YES;
				CLANG_WARN_OBJC_ROOT_CLASS = YES_ERROR;
				CLANG_WARN_RANGE_LOOP_ANALYSIS = YES;
				CLANG_WARN_STRICT_PROTOTYPES = YES;
				CLANG_WARN_SUSPICIOUS_MOVE = YES;
				CLANG_WARN_UNGUARDED_AVAILABILITY = YES_AGGRESSIVE;
				CLANG_WARN_UNREACHABLE_CODE = YES;
				CLANG_WARN__DUPLICATE_METHOD_MATCH = YES;
				CODE_SIGN_IDENTITY = "iPhone Developer";
				COPY_PHASE_STRIP = NO;
				DEBUG_INFORMATION_FORMAT = dwarf;
				ENABLE_STRICT_OBJC_MSGSEND = YES;
				ENABLE_TESTABILITY = YES;
				GCC_C_LANGUAGE_STANDARD = gnu11;
				GCC_DYNAMIC_NO_PIC = NO;
				GCC_NO_COMMON_BLOCKS = YES;
				GCC_OPTIMIZATION_LEVEL = 0;
				GCC_PREPROCESSOR_DEFINITIONS = (
					"DEBUG=1",
					"$(inherited)",
				);
				GCC_WARN_64_TO_32_BIT_CONVERSION = YES;
				GCC_WARN_ABOUT_RETURN_TYPE = YES_ERROR;
				GCC_WARN_UNDECLARED_SELECTOR = YES;
				GCC_WARN_UNINITIALIZED_AUTOS = YES_AGGRESSIVE;
				GCC_WARN_UNUSED_FUNCTION = YES;
				GCC_WARN_UNUSED_VARIABLE = YES;
				IPHONEOS_DEPLOYMENT_TARGET = 12.2;
				MTL_ENABLE_DEBUG_INFO = INCLUDE_SOURCE;
				MTL_FAST_MATH = YES;
				ONLY_ACTIVE_ARCH = YES;
				SDKROOT = iphoneos;
				SWIFT_ACTIVE_COMPILATION_CONDITIONS = DEBUG;
				SWIFT_OPTIMIZATION_LEVEL = "-Onone";
			};
			name = Debug;
		};
		76F3BE01232024A100CE91B5 /* Release */ = {
			isa = XCBuildConfiguration;
			buildSettings = {
				ALWAYS_SEARCH_USER_PATHS = NO;
				CLANG_ANALYZER_NONNULL = YES;
				CLANG_ANALYZER_NUMBER_OBJECT_CONVERSION = YES_AGGRESSIVE;
				CLANG_CXX_LANGUAGE_STANDARD = "gnu++14";
				CLANG_CXX_LIBRARY = "libc++";
				CLANG_ENABLE_MODULES = YES;
				CLANG_ENABLE_OBJC_ARC = YES;
				CLANG_ENABLE_OBJC_WEAK = YES;
				CLANG_WARN_BLOCK_CAPTURE_AUTORELEASING = YES;
				CLANG_WARN_BOOL_CONVERSION = YES;
				CLANG_WARN_COMMA = YES;
				CLANG_WARN_CONSTANT_CONVERSION = YES;
				CLANG_WARN_DEPRECATED_OBJC_IMPLEMENTATIONS = YES;
				CLANG_WARN_DIRECT_OBJC_ISA_USAGE = YES_ERROR;
				CLANG_WARN_DOCUMENTATION_COMMENTS = YES;
				CLANG_WARN_EMPTY_BODY = YES;
				CLANG_WARN_ENUM_CONVERSION = YES;
				CLANG_WARN_INFINITE_RECURSION = YES;
				CLANG_WARN_INT_CONVERSION = YES;
				CLANG_WARN_NON_LITERAL_NULL_CONVERSION = YES;
				CLANG_WARN_OBJC_IMPLICIT_RETAIN_SELF = YES;
				CLANG_WARN_OBJC_LITERAL_CONVERSION = YES;
				CLANG_WARN_OBJC_ROOT_CLASS = YES_ERROR;
				CLANG_WARN_RANGE_LOOP_ANALYSIS = YES;
				CLANG_WARN_STRICT_PROTOTYPES = YES;
				CLANG_WARN_SUSPICIOUS_MOVE = YES;
				CLANG_WARN_UNGUARDED_AVAILABILITY = YES_AGGRESSIVE;
				CLANG_WARN_UNREACHABLE_CODE = YES;
				CLANG_WARN__DUPLICATE_METHOD_MATCH = YES;
				CODE_SIGN_IDENTITY = "iPhone Developer";
				COPY_PHASE_STRIP = NO;
				DEBUG_INFORMATION_FORMAT = "dwarf-with-dsym";
				ENABLE_NS_ASSERTIONS = NO;
				ENABLE_STRICT_OBJC_MSGSEND = YES;
				GCC_C_LANGUAGE_STANDARD = gnu11;
				GCC_NO_COMMON_BLOCKS = YES;
				GCC_WARN_64_TO_32_BIT_CONVERSION = YES;
				GCC_WARN_ABOUT_RETURN_TYPE = YES_ERROR;
				GCC_WARN_UNDECLARED_SELECTOR = YES;
				GCC_WARN_UNINITIALIZED_AUTOS = YES_AGGRESSIVE;
				GCC_WARN_UNUSED_FUNCTION = YES;
				GCC_WARN_UNUSED_VARIABLE = YES;
				IPHONEOS_DEPLOYMENT_TARGET = 12.2;
				MTL_ENABLE_DEBUG_INFO = NO;
				MTL_FAST_MATH = YES;
				SDKROOT = iphoneos;
				SWIFT_COMPILATION_MODE = wholemodule;
				SWIFT_OPTIMIZATION_LEVEL = "-O";
				VALIDATE_PRODUCT = YES;
			};
			name = Release;
		};
		76F3BE03232024A100CE91B5 /* Debug */ = {
			isa = XCBuildConfiguration;
			buildSettings = {
				ASSETCATALOG_COMPILER_APPICON_NAME = AppIcon;
				CODE_SIGN_STYLE = Automatic;
				DEVELOPMENT_TEAM = AWUY3BW377;
				INFOPLIST_FILE = Studio_1_Alex/Info.plist;
				LD_RUNPATH_SEARCH_PATHS = (
					"$(inherited)",
					"@executable_path/Frameworks",
				);
				PRODUCT_BUNDLE_IDENTIFIER = "project.Studio-1-Alex";
				PRODUCT_NAME = "$(TARGET_NAME)";
				SWIFT_VERSION = 5.0;
				TARGETED_DEVICE_FAMILY = "1,2";
			};
			name = Debug;
		};
		76F3BE04232024A100CE91B5 /* Release */ = {
			isa = XCBuildConfiguration;
			buildSettings = {
				ASSETCATALOG_COMPILER_APPICON_NAME = AppIcon;
				CODE_SIGN_STYLE = Automatic;
				DEVELOPMENT_TEAM = AWUY3BW377;
				INFOPLIST_FILE = Studio_1_Alex/Info.plist;
				LD_RUNPATH_SEARCH_PATHS = (
					"$(inherited)",
					"@executable_path/Frameworks",
				);
				PRODUCT_BUNDLE_IDENTIFIER = "project.Studio-1-Alex";
				PRODUCT_NAME = "$(TARGET_NAME)";
				SWIFT_VERSION = 5.0;
				TARGETED_DEVICE_FAMILY = "1,2";
			};
			name = Release;
		};
		76F3BE06232024A100CE91B5 /* Debug */ = {
			isa = XCBuildConfiguration;
			buildSettings = {
				ALWAYS_EMBED_SWIFT_STANDARD_LIBRARIES = YES;
				BUNDLE_LOADER = "$(TEST_HOST)";
				CODE_SIGN_STYLE = Automatic;
				DEVELOPMENT_TEAM = AWUY3BW377;
				INFOPLIST_FILE = Studio_1_AlexTests/Info.plist;
				LD_RUNPATH_SEARCH_PATHS = (
					"$(inherited)",
					"@executable_path/Frameworks",
					"@loader_path/Frameworks",
				);
				PRODUCT_BUNDLE_IDENTIFIER = "project.Studio-1-AlexTests";
				PRODUCT_NAME = "$(TARGET_NAME)";
				SWIFT_VERSION = 5.0;
				TARGETED_DEVICE_FAMILY = "1,2";
				TEST_HOST = "$(BUILT_PRODUCTS_DIR)/Studio_1_Alex.app/Studio_1_Alex";
			};
			name = Debug;
		};
		76F3BE07232024A100CE91B5 /* Release */ = {
			isa = XCBuildConfiguration;
			buildSettings = {
				ALWAYS_EMBED_SWIFT_STANDARD_LIBRARIES = YES;
				BUNDLE_LOADER = "$(TEST_HOST)";
				CODE_SIGN_STYLE = Automatic;
				DEVELOPMENT_TEAM = AWUY3BW377;
				INFOPLIST_FILE = Studio_1_AlexTests/Info.plist;
				LD_RUNPATH_SEARCH_PATHS = (
					"$(inherited)",
					"@executable_path/Frameworks",
					"@loader_path/Frameworks",
				);
				PRODUCT_BUNDLE_IDENTIFIER = "project.Studio-1-AlexTests";
				PRODUCT_NAME = "$(TARGET_NAME)";
				SWIFT_VERSION = 5.0;
				TARGETED_DEVICE_FAMILY = "1,2";
				TEST_HOST = "$(BUILT_PRODUCTS_DIR)/Studio_1_Alex.app/Studio_1_Alex";
			};
			name = Release;
		};
		76F3BE09232024A100CE91B5 /* Debug */ = {
			isa = XCBuildConfiguration;
			buildSettings = {
				ALWAYS_EMBED_SWIFT_STANDARD_LIBRARIES = YES;
				CODE_SIGN_STYLE = Automatic;
				DEVELOPMENT_TEAM = AWUY3BW377;
				INFOPLIST_FILE = Studio_1_AlexUITests/Info.plist;
				LD_RUNPATH_SEARCH_PATHS = (
					"$(inherited)",
					"@executable_path/Frameworks",
					"@loader_path/Frameworks",
				);
				PRODUCT_BUNDLE_IDENTIFIER = "project.Studio-1-AlexUITests";
				PRODUCT_NAME = "$(TARGET_NAME)";
				SWIFT_VERSION = 5.0;
				TARGETED_DEVICE_FAMILY = "1,2";
				TEST_TARGET_NAME = Studio_1_Alex;
			};
			name = Debug;
		};
		76F3BE0A232024A100CE91B5 /* Release */ = {
			isa = XCBuildConfiguration;
			buildSettings = {
				ALWAYS_EMBED_SWIFT_STANDARD_LIBRARIES = YES;
				CODE_SIGN_STYLE = Automatic;
				DEVELOPMENT_TEAM = AWUY3BW377;
				INFOPLIST_FILE = Studio_1_AlexUITests/Info.plist;
				LD_RUNPATH_SEARCH_PATHS = (
					"$(inherited)",
					"@executable_path/Frameworks",
					"@loader_path/Frameworks",
				);
				PRODUCT_BUNDLE_IDENTIFIER = "project.Studio-1-AlexUITests";
				PRODUCT_NAME = "$(TARGET_NAME)";
				SWIFT_VERSION = 5.0;
				TARGETED_DEVICE_FAMILY = "1,2";
				TEST_TARGET_NAME = Studio_1_Alex;
			};
			name = Release;
		};
/* End XCBuildConfiguration section */

/* Begin XCConfigurationList section */
		76F3BDD5232024A000CE91B5 /* Build configuration list for PBXProject "Studio_1_Alex" */ = {
			isa = XCConfigurationList;
			buildConfigurations = (
				76F3BE00232024A100CE91B5 /* Debug */,
				76F3BE01232024A100CE91B5 /* Release */,
			);
			defaultConfigurationIsVisible = 0;
			defaultConfigurationName = Release;
		};
		76F3BE02232024A100CE91B5 /* Build configuration list for PBXNativeTarget "Studio_1_Alex" */ = {
			isa = XCConfigurationList;
			buildConfigurations = (
				76F3BE03232024A100CE91B5 /* Debug */,
				76F3BE04232024A100CE91B5 /* Release */,
			);
			defaultConfigurationIsVisible = 0;
			defaultConfigurationName = Release;
		};
		76F3BE05232024A100CE91B5 /* Build configuration list for PBXNativeTarget "Studio_1_AlexTests" */ = {
			isa = XCConfigurationList;
			buildConfigurations = (
				76F3BE06232024A100CE91B5 /* Debug */,
				76F3BE07232024A100CE91B5 /* Release */,
			);
			defaultConfigurationIsVisible = 0;
			defaultConfigurationName = Release;
		};
		76F3BE08232024A100CE91B5 /* Build configuration list for PBXNativeTarget "Studio_1_AlexUITests" */ = {
			isa = XCConfigurationList;
			buildConfigurations = (
				76F3BE09232024A100CE91B5 /* Debug */,
				76F3BE0A232024A100CE91B5 /* Release */,
			);
			defaultConfigurationIsVisible = 0;
			defaultConfigurationName = Release;
		};
/* End XCConfigurationList section */
	};
	rootObject = 76F3BDD2232024A000CE91B5 /* Project object */;
}
